// !$*UTF8*$!
{
	archiveVersion = 1;
	classes = {
	};
	objectVersion = 56;
	objects = {

/* Begin PBXBuildFile section */
		BSSENCRBL0 /* BossEncounter.swift in Sources */ = {isa = PBXBuildFile; fileRef = BSSENCRRF0 /* BossEncounter.swift */; };
		CRINFTYBL0 /* CurrencyInfoType.swift in Sources */ = {isa = PBXBuildFile; fileRef = CRINFTYRF0 /* CurrencyInfoType.swift */; };
		BSSSTTSBL0 /* BossStates.swift in Sources */ = {isa = PBXBuildFile; fileRef = BSSSTTSRF0 /* BossStates.swift */; };
		TDSESSTBL0 /* TDSessionState.swift in Sources */ = {isa = PBXBuildFile; fileRef = TDSESSTRF0 /* TDSessionState.swift */; };
		WAVTYPBL01 /* WaveTypes.swift in Sources */ = {isa = PBXBuildFile; fileRef = WAVTYPRF01 /* WaveTypes.swift */; };
		BSSLTRWBL0 /* BossLootReward.swift in Sources */ = {isa = PBXBuildFile; fileRef = BSSLTRWRF0 /* BossLootReward.swift */; };
		MBCFGDTBL0 /* MotherboardConfigData.swift in Sources */ = {isa = PBXBuildFile; fileRef = MBCFGDTRF0 /* MotherboardConfigData.swift */; };
		01237F59EE02566C430CB41B /* PillarSystem.swift in Sources */ = {isa = PBXBuildFile; fileRef = B0E31CD9D6765DA7C7AEB9B8 /* PillarSystem.swift */; };
		04461EF9164A14B078C039DF /* BlueprintDiscoveryModal.swift in Sources */ = {isa = PBXBuildFile; fileRef = 7B9E64D9B78CFAD391735AC3 /* BlueprintDiscoveryModal.swift */; };
		05461EF9164A14B078C039E0 /* BlueprintRevealModal.swift in Sources */ = {isa = PBXBuildFile; fileRef = 8B9E64D9B78CFAD391735AC4 /* BlueprintRevealModal.swift */; };
		06461EF9164A14B078C039E1 /* BossLootModal.swift in Sources */ = {isa = PBXBuildFile; fileRef = 9C9E64D9B78CFAD391735AC5 /* BossLootModal.swift */; };
		132D341FD93DC073BD0C1452 /* BlockerSystem.swift in Sources */ = {isa = PBXBuildFile; fileRef = FFF59B8E7D74C8309105FA47 /* BlockerSystem.swift */; };
		13BD166CCD4350CD954872C6 /* PathSystem.swift in Sources */ = {isa = PBXBuildFile; fileRef = 09DD228498839C35BD9C1D41 /* PathSystem.swift */; };
		2096E9DBF01F2416463E54D1 /* MegaBoardTypes.swift in Sources */ = {isa = PBXBuildFile; fileRef = 642FC35778370BD58869415C /* MegaBoardTypes.swift */; };
		21C537CEC27D011FCFC30E1B /* IdleSpawnSystem.swift in Sources */ = {isa = PBXBuildFile; fileRef = F83163F5E1BEA26402290CE9 /* IdleSpawnSystem.swift */; };
		24560D324C0A2B4C238A3D31 /* TowerSystem.swift in Sources */ = {isa = PBXBuildFile; fileRef = 652706E4D090EB81125BDB8E /* TowerSystem.swift */; };
		41D40273C81B81885F1FEA91 /* SharedTypes.swift in Sources */ = {isa = PBXBuildFile; fileRef = 1E7B2121571D71C1EE9E0447 /* SharedTypes.swift */; };
		44E5FE6B9BCA52CA00105C40 /* ManualOverrideView.swift in Sources */ = {isa = PBXBuildFile; fileRef = 524A80231C9853CE6D4B5A23 /* ManualOverrideView.swift */; };
		469B93F994E728C789F86031 /* Protocol.swift in Sources */ = {isa = PBXBuildFile; fileRef = F5F896AC2E9B27982965DBAF /* Protocol.swift */; };
		47C2EC65CDFEE77D87E73F93 /* TDConfig.json in Resources */ = {isa = PBXBuildFile; fileRef = 31EF22FB9EBD5242CFCD38DD /* TDConfig.json */; };
		50A8B0A9C7780F96391DAD35 /* BlueprintDropSystem.swift in Sources */ = {isa = PBXBuildFile; fileRef = 0A0864F1DC489D8FAB94D0EC /* BlueprintDropSystem.swift */; };
		594042117873415AD5954A69 /* DesignSystem.swift in Sources */ = {isa = PBXBuildFile; fileRef = E2301A5EEEE90F2F1C451D29 /* DesignSystem.swift */; };
		6C248F4AC18463B47DE591BF /* SectorSchematics.swift in Sources */ = {isa = PBXBuildFile; fileRef = D0730EB976BE58FD41672919 /* SectorSchematics.swift */; };
		6F5EB8BB58745318945A09FD /* TDGameContainerView.swift in Sources */ = {isa = PBXBuildFile; fileRef = CC72E98D972777DB4AA482F1 /* TDGameContainerView.swift */; };
		6FAF2498EB10A21AABF8C5D8 /* TDGameScene.swift in Sources */ = {isa = PBXBuildFile; fileRef = 529D24D2EF82C2EEECE9B970 /* TDGameScene.swift */; };
		7584C9579299C011354D004E /* MegaBoardRenderer.swift in Sources */ = {isa = PBXBuildFile; fileRef = F39E73304F9D3F17740953D5 /* MegaBoardRenderer.swift */; };
		80D7D638D0392D445B34D53C /* SystemTabView.swift in Sources */ = {isa = PBXBuildFile; fileRef = A0DF9C1FE08F41AF3A00A75A /* SystemTabView.swift */; };
		8286A13527D7335AC91D79E4 /* CoreSystem.swift in Sources */ = {isa = PBXBuildFile; fileRef = 9BC456BE2F341A8C1006B747 /* CoreSystem.swift */; };
		85D742892A02CDAC50FA930C /* ZeroDaySystem.swift in Sources */ = {isa = PBXBuildFile; fileRef = CD9E6ED7EECE5CEDDC65F8CA /* ZeroDaySystem.swift */; };
		8BA8D266E8CD517FA0918203 /* TDBossSystem.swift in Sources */ = {isa = PBXBuildFile; fileRef = AE2BB52D7ABE2015A94B5FA3 /* TDBossSystem.swift */; };
		8F2433B0984EE3015CE09545 /* MegaBoardSystem.swift in Sources */ = {isa = PBXBuildFile; fileRef = 02B5E6817BAB23FC2F7DFE4F /* MegaBoardSystem.swift */; };
		991A0F5ED7D6C9F7F159B95D /* LootTables.swift in Sources */ = {isa = PBXBuildFile; fileRef = EF752985D9BB05F3C19C6308 /* LootTables.swift */; };
		9EDABF2B31A14E0C2280899C /* TDTypes.swift in Sources */ = {isa = PBXBuildFile; fileRef = BE64BB27463A150B6F32451C /* TDTypes.swift */; };
		A322E4133BD75AF92145044F /* WaveSystem.swift in Sources */ = {isa = PBXBuildFile; fileRef = 260E703394574A0E21D9E82C /* WaveSystem.swift */; };
		AA000001 /* SystemRebootApp.swift in Sources */ = {isa = PBXBuildFile; fileRef = AA100001 /* SystemRebootApp.swift */; };
		AA000002 /* ContentView.swift in Sources */ = {isa = PBXBuildFile; fileRef = AA100002 /* ContentView.swift */; };
		AA000003 /* GameTypes.swift in Sources */ = {isa = PBXBuildFile; fileRef = AA100003 /* GameTypes.swift */; };
		AA000004 /* GameConfig.swift in Sources */ = {isa = PBXBuildFile; fileRef = AA100004 /* GameConfig.swift */; };
		AA000006 /* MathUtils.swift in Sources */ = {isa = PBXBuildFile; fileRef = AA100006 /* MathUtils.swift */; };
		AA000007 /* RandomUtils.swift in Sources */ = {isa = PBXBuildFile; fileRef = AA100007 /* RandomUtils.swift */; };
		AA000008 /* GameState.swift in Sources */ = {isa = PBXBuildFile; fileRef = AA100008 /* GameState.swift */; };
		AA000009 /* PlayerSystem.swift in Sources */ = {isa = PBXBuildFile; fileRef = AA100009 /* PlayerSystem.swift */; };
		AA000010 /* GameScene.swift in Sources */ = {isa = PBXBuildFile; fileRef = AA100010 /* GameScene.swift */; };
		AA000011 /* EntityRenderer.swift in Sources */ = {isa = PBXBuildFile; fileRef = AA100011 /* EntityRenderer.swift */; };
		AA000012 /* GameContainerView.swift in Sources */ = {isa = PBXBuildFile; fileRef = AA100012 /* GameContainerView.swift */; };
		AA000013 /* VirtualJoystick.swift in Sources */ = {isa = PBXBuildFile; fileRef = AA100013 /* VirtualJoystick.swift */; };
		AA000014 /* Assets.xcassets in Resources */ = {isa = PBXBuildFile; fileRef = AA100014 /* Assets.xcassets */; };
		AA000015 /* GameConfig.json in Resources */ = {isa = PBXBuildFile; fileRef = AA100015 /* GameConfig.json */; };
		AA000016 /* EnemySystem.swift in Sources */ = {isa = PBXBuildFile; fileRef = AA100017 /* EnemySystem.swift */; };
		AA000017 /* WeaponSystem.swift in Sources */ = {isa = PBXBuildFile; fileRef = AA100018 /* WeaponSystem.swift */; };
		AA000018 /* ProjectileSystem.swift in Sources */ = {isa = PBXBuildFile; fileRef = AA100019 /* ProjectileSystem.swift */; };
		AA000019 /* SpawnSystem.swift in Sources */ = {isa = PBXBuildFile; fileRef = AA100020 /* SpawnSystem.swift */; };
		AA000020 /* PickupSystem.swift in Sources */ = {isa = PBXBuildFile; fileRef = AA100021 /* PickupSystem.swift */; };
		AA000021 /* ParticleFactory.swift in Sources */ = {isa = PBXBuildFile; fileRef = AA100022 /* ParticleFactory.swift */; };
		AA000022 /* VisualEffects.swift in Sources */ = {isa = PBXBuildFile; fileRef = AA100023 /* VisualEffects.swift */; };
		AA000023 /* ArenaRenderer.swift in Sources */ = {isa = PBXBuildFile; fileRef = AA100024 /* ArenaRenderer.swift */; };
		AA000024 /* UpgradeSystem.swift in Sources */ = {isa = PBXBuildFile; fileRef = AA100025 /* UpgradeSystem.swift */; };
		AA000025 /* PotionSystem.swift in Sources */ = {isa = PBXBuildFile; fileRef = AA100026 /* PotionSystem.swift */; };
		AA000026 /* LevelingSystem.swift in Sources */ = {isa = PBXBuildFile; fileRef = AA100027 /* LevelingSystem.swift */; };
		AA000027 /* XPSystem.swift in Sources */ = {isa = PBXBuildFile; fileRef = AA100028 /* XPSystem.swift */; };
		AA000029 /* UpgradeModalView.swift in Sources */ = {isa = PBXBuildFile; fileRef = AA100030 /* UpgradeModalView.swift */; };
		AA000030 /* AppState.swift in Sources */ = {isa = PBXBuildFile; fileRef = AA100031 /* AppState.swift */; };
		AA000031 /* StorageService.swift in Sources */ = {isa = PBXBuildFile; fileRef = AA100032 /* StorageService.swift */; };
		AA000037 /* ArenaSystem.swift in Sources */ = {isa = PBXBuildFile; fileRef = AA100038 /* ArenaSystem.swift */; };
		AA000038 /* CyberbossAI.swift in Sources */ = {isa = PBXBuildFile; fileRef = AA100039 /* CyberbossAI.swift */; };
		AA000039 /* VoidHarbingerAI.swift in Sources */ = {isa = PBXBuildFile; fileRef = AA100040 /* VoidHarbingerAI.swift */; };
		AA00003A /* OverclockerAI.swift in Sources */ = {isa = PBXBuildFile; fileRef = OVERCLOCK01 /* OverclockerAI.swift */; };
		AA00003B /* TrojanWyrmAI.swift in Sources */ = {isa = PBXBuildFile; fileRef = TROJANWYRM1 /* TrojanWyrmAI.swift */; };
		AA000040 /* HapticsService.swift in Sources */ = {isa = PBXBuildFile; fileRef = AA100041 /* HapticsService.swift */; };
		AA000042 /* NotificationService.swift in Sources */ = {isa = PBXBuildFile; fileRef = AA100042 /* NotificationService.swift */; };
		AA000043 /* NotificationSettingsSheet.swift in Sources */ = {isa = PBXBuildFile; fileRef = AA100043 /* NotificationSettingsSheet.swift */; };
		AA000044 /* SettingsSheet.swift in Sources */ = {isa = PBXBuildFile; fileRef = AA100044 /* SettingsSheet.swift */; };
		BALCFGBLD /* BalanceConfig.swift in Sources */ = {isa = PBXBuildFile; fileRef = BALCFGREF /* BalanceConfig.swift */; };
		D12722CA83FE38E637AF3886 /* SectorUnlockSystem.swift in Sources */ = {isa = PBXBuildFile; fileRef = 1E56EE626092F9ADEC962B0B /* SectorUnlockSystem.swift */; };
		D817F5739FA9ED9B57CA10C5 /* GlobalUpgrades.swift in Sources */ = {isa = PBXBuildFile; fileRef = 05CD61F04E3DFCEE4B53606E /* GlobalUpgrades.swift */; };
		COMPTYPBLD /* ComponentTypes.swift in Sources */ = {isa = PBXBuildFile; fileRef = COMPTYPREF /* ComponentTypes.swift */; };
		DF05D338EC463EE954882827 /* WelcomeBackModal.swift in Sources */ = {isa = PBXBuildFile; fileRef = 3A8E338914F9E07D0B723EC2 /* WelcomeBackModal.swift */; };
		E2CB23521807163E621574B3 /* OverclockSystem.swift in Sources */ = {isa = PBXBuildFile; fileRef = 651BD9A10095829CA07C1FDB /* OverclockSystem.swift */; };
		ENTID00001 /* EntityIDs.swift in Sources */ = {isa = PBXBuildFile; fileRef = ENTIDFILE1 /* EntityIDs.swift */; };
		FRMCTXBLD /* FrameContext.swift in Sources */ = {isa = PBXBuildFile; fileRef = FRMCTX001 /* FrameContext.swift */; };
		INTROBLD01234567890ABCDEF /* IntroSequenceView.swift in Sources */ = {isa = PBXBuildFile; fileRef = INTROREF01234567890ABCDEF /* IntroSequenceView.swift */; };
		L10NSWBLD /* L10n.swift in Sources */ = {isa = PBXBuildFile; fileRef = L10NSWREF /* L10n.swift */; };
		LOCSTRSBLD /* Localizable.xcstrings in Resources */ = {isa = PBXBuildFile; fileRef = LOCSTRSREF /* Localizable.xcstrings */; };
		MBRD00001 /* MotherboardTypes.swift in Sources */ = {isa = PBXBuildFile; fileRef = MBRDFILE01 /* MotherboardTypes.swift */; };
		NODEPLBLD /* NodePool.swift in Sources */ = {isa = PBXBuildFile; fileRef = NODEPOOL1 /* NodePool.swift */; };
		OBJPOLBLD /* ObjectPool.swift in Sources */ = {isa = PBXBuildFile; fileRef = OBJPOOL01 /* ObjectPool.swift */; };
		SCRLCTBLD /* ScrollingCombatText.swift in Sources */ = {isa = PBXBuildFile; fileRef = SCROLLCT1 /* ScrollingCombatText.swift */; };
		SPTGRDBLD /* SpatialGrid.swift in Sources */ = {isa = PBXBuildFile; fileRef = SPTGRID01 /* SpatialGrid.swift */; };
		SURVARBLD /* SurvivalArenaSystem.swift in Sources */ = {isa = PBXBuildFile; fileRef = SURVARENA /* SurvivalArenaSystem.swift */; };
		TUTHNTBLD1234567890ABCDEF /* TutorialHintOverlay.swift in Sources */ = {isa = PBXBuildFile; fileRef = TUTHNTREF1234567890ABCDEF /* TutorialHintOverlay.swift */; };
		TWRANMBLD /* TowerAnimations.swift in Sources */ = {isa = PBXBuildFile; fileRef = TOWERANIM /* TowerAnimations.swift */; };
		TWRGALBLD /* TowerGalleryView.swift in Sources */ = {isa = PBXBuildFile; fileRef = TOWERGAL1 /* TowerGalleryView.swift */; };
		TWRVFABLD /* TowerVisualFactory.swift in Sources */ = {isa = PBXBuildFile; fileRef = TOWERVF01 /* TowerVisualFactory.swift */; };
		F1A2B3C4D5E60718293F4A5B /* TDSimulator.swift in Sources */ = {isa = PBXBuildFile; fileRef = E1F2A3B4C5D60718293E4F5A /* TDSimulator.swift */; };
		B2C3D4E5F6A70819293B4C5E /* TDBot.swift in Sources */ = {isa = PBXBuildFile; fileRef = A2B3C4D5E6F70819293A4B5D /* TDBot.swift */; };
		D2E3F4A5B6C70819293D4E5A /* SimulationRunner.swift in Sources */ = {isa = PBXBuildFile; fileRef = C2D3E4F5A6B70819293C4D5F /* SimulationRunner.swift */; };
		BOSSSIM01BLD /* BossSimulator.swift in Sources */ = {isa = PBXBuildFile; fileRef = BOSSSIM01REF /* BossSimulator.swift */; };
		BOSSBOT01BLD /* BossBot.swift in Sources */ = {isa = PBXBuildFile; fileRef = BOSSBOT01REF /* BossBot.swift */; };
		TDHLPVWBLD /* TDHelperViews.swift in Sources */ = {isa = PBXBuildFile; fileRef = TDHLPVW01 /* TDHelperViews.swift */; };
		TWRDCKBLD0 /* TowerDeckCards.swift in Sources */ = {isa = PBXBuildFile; fileRef = TWRDCK001 /* TowerDeckCards.swift */; };
		APSTUTBLD0 /* AppState+Tutorial.swift in Sources */ = {isa = PBXBuildFile; fileRef = APSTUT001 /* AppState+Tutorial.swift */; };
		TDPARTFBLD /* TDParticleFactory.swift in Sources */ = {isa = PBXBuildFile; fileRef = TDPARTF01 /* TDParticleFactory.swift */; };
		UICLRBLD0001 /* UIColor+Utilities.swift in Sources */ = {isa = PBXBuildFile; fileRef = UICLRUTL0001 /* UIColor+Utilities.swift */; };
		TDSCNBGB0001 /* TDGameScene+Background.swift in Sources */ = {isa = PBXBuildFile; fileRef = TDSCNBG00001 /* TDGameScene+Background.swift */; };
		TDSCNSRB0001 /* TDGameScene+SectorRendering.swift in Sources */ = {isa = PBXBuildFile; fileRef = TDSCNSR00001 /* TDGameScene+SectorRendering.swift */; };
		TDSCNPTB0001 /* TDGameScene+Paths.swift in Sources */ = {isa = PBXBuildFile; fileRef = TDSCNPT00001 /* TDGameScene+Paths.swift */; };
		TDSCNEFB0001 /* TDGameScene+Effects.swift in Sources */ = {isa = PBXBuildFile; fileRef = TDSCNEF00001 /* TDGameScene+Effects.swift */; };
		TDSCNEVB0001 /* TDGameScene+EntityVisuals.swift in Sources */ = {isa = PBXBuildFile; fileRef = TDSCNEV00001 /* TDGameScene+EntityVisuals.swift */; };
		TDSCNINB0001 /* TDGameScene+Input.swift in Sources */ = {isa = PBXBuildFile; fileRef = TDSCNIN00001 /* TDGameScene+Input.swift */; };
		TDSCNACB0001 /* TDGameScene+Actions.swift in Sources */ = {isa = PBXBuildFile; fileRef = TDSCNAC00001 /* TDGameScene+Actions.swift */; };
		MTHRBRDVBL0 /* MotherboardView.swift in Sources */ = {isa = PBXBuildFile; fileRef = MTHRBRDVRF0 /* MotherboardView.swift */; };
		EMBTDCTBL0 /* EmbeddedTDGameController.swift in Sources */ = {isa = PBXBuildFile; fileRef = EMBTDCTRF0 /* EmbeddedTDGameController.swift */; };
		EMBTDGVBL0 /* EmbeddedTDGameView.swift in Sources */ = {isa = PBXBuildFile; fileRef = EMBTDGVRF0 /* EmbeddedTDGameView.swift */; };
		SYSFRZOVBL0 /* SystemFreezeOverlay.swift in Sources */ = {isa = PBXBuildFile; fileRef = SYSFRZOVRF0 /* SystemFreezeOverlay.swift */; };
		ARSNLVWBL0 /* ArsenalView.swift in Sources */ = {isa = PBXBuildFile; fileRef = ARSNLVWRF0 /* ArsenalView.swift */; };
		UPGRDVWBL0 /* UpgradesView.swift in Sources */ = {isa = PBXBuildFile; fileRef = UPGRDVWRF0 /* UpgradesView.swift */; };
		BSSENCVWBL0 /* BossEncountersView.swift in Sources */ = {isa = PBXBuildFile; fileRef = BSSENCVWRF0 /* BossEncountersView.swift */; };
		DBGGMVWBL0 /* DebugGameView.swift in Sources */ = {isa = PBXBuildFile; fileRef = DBGGMVWRF0 /* DebugGameView.swift */; };
/* End PBXBuildFile section */

/* Begin PBXFileReference section */
		BSSENCRRF0 /* BossEncounter.swift */ = {isa = PBXFileReference; includeInIndex = 1; lastKnownFileType = sourcecode.swift; path = BossEncounter.swift; sourceTree = "<group>"; };
		CRINFTYRF0 /* CurrencyInfoType.swift */ = {isa = PBXFileReference; includeInIndex = 1; lastKnownFileType = sourcecode.swift; path = CurrencyInfoType.swift; sourceTree = "<group>"; };
		BSSSTTSRF0 /* BossStates.swift */ = {isa = PBXFileReference; includeInIndex = 1; lastKnownFileType = sourcecode.swift; path = BossStates.swift; sourceTree = "<group>"; };
		TDSESSTRF0 /* TDSessionState.swift */ = {isa = PBXFileReference; includeInIndex = 1; lastKnownFileType = sourcecode.swift; path = TDSessionState.swift; sourceTree = "<group>"; };
		WAVTYPRF01 /* WaveTypes.swift */ = {isa = PBXFileReference; includeInIndex = 1; lastKnownFileType = sourcecode.swift; path = WaveTypes.swift; sourceTree = "<group>"; };
		BSSLTRWRF0 /* BossLootReward.swift */ = {isa = PBXFileReference; includeInIndex = 1; lastKnownFileType = sourcecode.swift; path = BossLootReward.swift; sourceTree = "<group>"; };
		MBCFGDTRF0 /* MotherboardConfigData.swift */ = {isa = PBXFileReference; includeInIndex = 1; lastKnownFileType = sourcecode.swift; path = MotherboardConfigData.swift; sourceTree = "<group>"; };
		02B5E6817BAB23FC2F7DFE4F /* MegaBoardSystem.swift */ = {isa = PBXFileReference; includeInIndex = 1; lastKnownFileType = sourcecode.swift; path = MegaBoardSystem.swift; sourceTree = "<group>"; };
		05CD61F04E3DFCEE4B53606E /* GlobalUpgrades.swift */ = {isa = PBXFileReference; includeInIndex = 1; lastKnownFileType = sourcecode.swift; path = GlobalUpgrades.swift; sourceTree = "<group>"; };
		COMPTYPREF /* ComponentTypes.swift */ = {isa = PBXFileReference; includeInIndex = 1; lastKnownFileType = sourcecode.swift; path = ComponentTypes.swift; sourceTree = "<group>"; };
		09DD228498839C35BD9C1D41 /* PathSystem.swift */ = {isa = PBXFileReference; includeInIndex = 1; lastKnownFileType = sourcecode.swift; path = PathSystem.swift; sourceTree = "<group>"; };
		0A0864F1DC489D8FAB94D0EC /* BlueprintDropSystem.swift */ = {isa = PBXFileReference; includeInIndex = 1; lastKnownFileType = sourcecode.swift; path = BlueprintDropSystem.swift; sourceTree = "<group>"; };
		1E56EE626092F9ADEC962B0B /* SectorUnlockSystem.swift */ = {isa = PBXFileReference; includeInIndex = 1; lastKnownFileType = sourcecode.swift; path = SectorUnlockSystem.swift; sourceTree = "<group>"; };
		1E7B2121571D71C1EE9E0447 /* SharedTypes.swift */ = {isa = PBXFileReference; includeInIndex = 1; lastKnownFileType = sourcecode.swift; path = SharedTypes.swift; sourceTree = "<group>"; };
		260E703394574A0E21D9E82C /* WaveSystem.swift */ = {isa = PBXFileReference; includeInIndex = 1; lastKnownFileType = sourcecode.swift; path = WaveSystem.swift; sourceTree = "<group>"; };
		31EF22FB9EBD5242CFCD38DD /* TDConfig.json */ = {isa = PBXFileReference; includeInIndex = 1; lastKnownFileType = text.json; path = TDConfig.json; sourceTree = "<group>"; };
		3A8E338914F9E07D0B723EC2 /* WelcomeBackModal.swift */ = {isa = PBXFileReference; includeInIndex = 1; lastKnownFileType = sourcecode.swift; path = WelcomeBackModal.swift; sourceTree = "<group>"; };
		524A80231C9853CE6D4B5A23 /* ManualOverrideView.swift */ = {isa = PBXFileReference; includeInIndex = 1; lastKnownFileType = sourcecode.swift; path = ManualOverrideView.swift; sourceTree = "<group>"; };
		529D24D2EF82C2EEECE9B970 /* TDGameScene.swift */ = {isa = PBXFileReference; includeInIndex = 1; lastKnownFileType = sourcecode.swift; path = TDGameScene.swift; sourceTree = "<group>"; };
		642FC35778370BD58869415C /* MegaBoardTypes.swift */ = {isa = PBXFileReference; includeInIndex = 1; lastKnownFileType = sourcecode.swift; path = MegaBoardTypes.swift; sourceTree = "<group>"; };
		651BD9A10095829CA07C1FDB /* OverclockSystem.swift */ = {isa = PBXFileReference; includeInIndex = 1; lastKnownFileType = sourcecode.swift; path = OverclockSystem.swift; sourceTree = "<group>"; };
		652706E4D090EB81125BDB8E /* TowerSystem.swift */ = {isa = PBXFileReference; includeInIndex = 1; lastKnownFileType = sourcecode.swift; path = TowerSystem.swift; sourceTree = "<group>"; };
		7B9E64D9B78CFAD391735AC3 /* BlueprintDiscoveryModal.swift */ = {isa = PBXFileReference; includeInIndex = 1; lastKnownFileType = sourcecode.swift; path = BlueprintDiscoveryModal.swift; sourceTree = "<group>"; };
		8B9E64D9B78CFAD391735AC4 /* BlueprintRevealModal.swift */ = {isa = PBXFileReference; includeInIndex = 1; lastKnownFileType = sourcecode.swift; path = BlueprintRevealModal.swift; sourceTree = "<group>"; };
		9C9E64D9B78CFAD391735AC5 /* BossLootModal.swift */ = {isa = PBXFileReference; includeInIndex = 1; lastKnownFileType = sourcecode.swift; path = BossLootModal.swift; sourceTree = "<group>"; };
		9BC456BE2F341A8C1006B747 /* CoreSystem.swift */ = {isa = PBXFileReference; includeInIndex = 1; lastKnownFileType = sourcecode.swift; path = CoreSystem.swift; sourceTree = "<group>"; };
		A0DF9C1FE08F41AF3A00A75A /* SystemTabView.swift */ = {isa = PBXFileReference; includeInIndex = 1; lastKnownFileType = sourcecode.swift; path = SystemTabView.swift; sourceTree = "<group>"; };
		AA100001 /* SystemRebootApp.swift */ = {isa = PBXFileReference; lastKnownFileType = sourcecode.swift; path = SystemRebootApp.swift; sourceTree = "<group>"; };
		AA100002 /* ContentView.swift */ = {isa = PBXFileReference; lastKnownFileType = sourcecode.swift; path = ContentView.swift; sourceTree = "<group>"; };
		AA100003 /* GameTypes.swift */ = {isa = PBXFileReference; lastKnownFileType = sourcecode.swift; path = GameTypes.swift; sourceTree = "<group>"; };
		AA100004 /* GameConfig.swift */ = {isa = PBXFileReference; lastKnownFileType = sourcecode.swift; path = GameConfig.swift; sourceTree = "<group>"; };
		AA100006 /* MathUtils.swift */ = {isa = PBXFileReference; lastKnownFileType = sourcecode.swift; path = MathUtils.swift; sourceTree = "<group>"; };
		AA100007 /* RandomUtils.swift */ = {isa = PBXFileReference; lastKnownFileType = sourcecode.swift; path = RandomUtils.swift; sourceTree = "<group>"; };
		AA100008 /* GameState.swift */ = {isa = PBXFileReference; lastKnownFileType = sourcecode.swift; path = GameState.swift; sourceTree = "<group>"; };
		AA100009 /* PlayerSystem.swift */ = {isa = PBXFileReference; lastKnownFileType = sourcecode.swift; path = PlayerSystem.swift; sourceTree = "<group>"; };
		AA100010 /* GameScene.swift */ = {isa = PBXFileReference; lastKnownFileType = sourcecode.swift; path = GameScene.swift; sourceTree = "<group>"; };
		AA100011 /* EntityRenderer.swift */ = {isa = PBXFileReference; lastKnownFileType = sourcecode.swift; path = EntityRenderer.swift; sourceTree = "<group>"; };
		AA100012 /* GameContainerView.swift */ = {isa = PBXFileReference; lastKnownFileType = sourcecode.swift; path = GameContainerView.swift; sourceTree = "<group>"; };
		AA100013 /* VirtualJoystick.swift */ = {isa = PBXFileReference; lastKnownFileType = sourcecode.swift; path = VirtualJoystick.swift; sourceTree = "<group>"; };
		AA100014 /* Assets.xcassets */ = {isa = PBXFileReference; lastKnownFileType = folder.assetcatalog; path = Assets.xcassets; sourceTree = "<group>"; };
		AA100015 /* GameConfig.json */ = {isa = PBXFileReference; lastKnownFileType = text.json; path = GameConfig.json; sourceTree = "<group>"; };
		AA100016 /* Info.plist */ = {isa = PBXFileReference; lastKnownFileType = text.plist.xml; path = Info.plist; sourceTree = "<group>"; };
		AA100017 /* EnemySystem.swift */ = {isa = PBXFileReference; lastKnownFileType = sourcecode.swift; path = EnemySystem.swift; sourceTree = "<group>"; };
		AA100018 /* WeaponSystem.swift */ = {isa = PBXFileReference; lastKnownFileType = sourcecode.swift; path = WeaponSystem.swift; sourceTree = "<group>"; };
		AA100019 /* ProjectileSystem.swift */ = {isa = PBXFileReference; lastKnownFileType = sourcecode.swift; path = ProjectileSystem.swift; sourceTree = "<group>"; };
		AA100020 /* SpawnSystem.swift */ = {isa = PBXFileReference; lastKnownFileType = sourcecode.swift; path = SpawnSystem.swift; sourceTree = "<group>"; };
		AA100021 /* PickupSystem.swift */ = {isa = PBXFileReference; lastKnownFileType = sourcecode.swift; path = PickupSystem.swift; sourceTree = "<group>"; };
		AA100022 /* ParticleFactory.swift */ = {isa = PBXFileReference; lastKnownFileType = sourcecode.swift; path = ParticleFactory.swift; sourceTree = "<group>"; };
		AA100023 /* VisualEffects.swift */ = {isa = PBXFileReference; lastKnownFileType = sourcecode.swift; path = VisualEffects.swift; sourceTree = "<group>"; };
		AA100024 /* ArenaRenderer.swift */ = {isa = PBXFileReference; lastKnownFileType = sourcecode.swift; path = ArenaRenderer.swift; sourceTree = "<group>"; };
		AA100025 /* UpgradeSystem.swift */ = {isa = PBXFileReference; lastKnownFileType = sourcecode.swift; path = UpgradeSystem.swift; sourceTree = "<group>"; };
		AA100026 /* PotionSystem.swift */ = {isa = PBXFileReference; lastKnownFileType = sourcecode.swift; path = PotionSystem.swift; sourceTree = "<group>"; };
		AA100027 /* LevelingSystem.swift */ = {isa = PBXFileReference; lastKnownFileType = sourcecode.swift; path = LevelingSystem.swift; sourceTree = "<group>"; };
		AA100028 /* XPSystem.swift */ = {isa = PBXFileReference; lastKnownFileType = sourcecode.swift; path = XPSystem.swift; sourceTree = "<group>"; };
		AA100030 /* UpgradeModalView.swift */ = {isa = PBXFileReference; lastKnownFileType = sourcecode.swift; path = UpgradeModalView.swift; sourceTree = "<group>"; };
		AA100031 /* AppState.swift */ = {isa = PBXFileReference; lastKnownFileType = sourcecode.swift; path = AppState.swift; sourceTree = "<group>"; };
		AA100032 /* StorageService.swift */ = {isa = PBXFileReference; lastKnownFileType = sourcecode.swift; path = StorageService.swift; sourceTree = "<group>"; };
		AA100038 /* ArenaSystem.swift */ = {isa = PBXFileReference; lastKnownFileType = sourcecode.swift; path = ArenaSystem.swift; sourceTree = "<group>"; };
		AA100039 /* CyberbossAI.swift */ = {isa = PBXFileReference; lastKnownFileType = sourcecode.swift; path = CyberbossAI.swift; sourceTree = "<group>"; };
		AA100040 /* VoidHarbingerAI.swift */ = {isa = PBXFileReference; lastKnownFileType = sourcecode.swift; path = VoidHarbingerAI.swift; sourceTree = "<group>"; };
		OVERCLOCK01 /* OverclockerAI.swift */ = {isa = PBXFileReference; lastKnownFileType = sourcecode.swift; path = OverclockerAI.swift; sourceTree = "<group>"; };
		TROJANWYRM1 /* TrojanWyrmAI.swift */ = {isa = PBXFileReference; lastKnownFileType = sourcecode.swift; path = TrojanWyrmAI.swift; sourceTree = "<group>"; };
		AA100041 /* HapticsService.swift */ = {isa = PBXFileReference; lastKnownFileType = sourcecode.swift; path = HapticsService.swift; sourceTree = "<group>"; };
		AA100042 /* NotificationService.swift */ = {isa = PBXFileReference; lastKnownFileType = sourcecode.swift; path = NotificationService.swift; sourceTree = "<group>"; };
		AA100043 /* NotificationSettingsSheet.swift */ = {isa = PBXFileReference; lastKnownFileType = sourcecode.swift; path = NotificationSettingsSheet.swift; sourceTree = "<group>"; };
		AA100044 /* SettingsSheet.swift */ = {isa = PBXFileReference; lastKnownFileType = sourcecode.swift; path = SettingsSheet.swift; sourceTree = "<group>"; };
		AA200001 /* SystemReboot.app */ = {isa = PBXFileReference; explicitFileType = wrapper.application; includeInIndex = 0; path = SystemReboot.app; sourceTree = BUILT_PRODUCTS_DIR; };
		AE2BB52D7ABE2015A94B5FA3 /* TDBossSystem.swift */ = {isa = PBXFileReference; includeInIndex = 1; lastKnownFileType = sourcecode.swift; path = TDBossSystem.swift; sourceTree = "<group>"; };
		B0E31CD9D6765DA7C7AEB9B8 /* PillarSystem.swift */ = {isa = PBXFileReference; includeInIndex = 1; lastKnownFileType = sourcecode.swift; path = PillarSystem.swift; sourceTree = "<group>"; };
		BALCFGREF /* BalanceConfig.swift */ = {isa = PBXFileReference; includeInIndex = 1; lastKnownFileType = sourcecode.swift; path = BalanceConfig.swift; sourceTree = "<group>"; };
		BE64BB27463A150B6F32451C /* TDTypes.swift */ = {isa = PBXFileReference; includeInIndex = 1; lastKnownFileType = sourcecode.swift; path = TDTypes.swift; sourceTree = "<group>"; };
		CC72E98D972777DB4AA482F1 /* TDGameContainerView.swift */ = {isa = PBXFileReference; includeInIndex = 1; lastKnownFileType = sourcecode.swift; path = TDGameContainerView.swift; sourceTree = "<group>"; };
		CD9E6ED7EECE5CEDDC65F8CA /* ZeroDaySystem.swift */ = {isa = PBXFileReference; includeInIndex = 1; lastKnownFileType = sourcecode.swift; path = ZeroDaySystem.swift; sourceTree = "<group>"; };
		D0730EB976BE58FD41672919 /* SectorSchematics.swift */ = {isa = PBXFileReference; includeInIndex = 1; lastKnownFileType = sourcecode.swift; path = SectorSchematics.swift; sourceTree = "<group>"; };
		E2301A5EEEE90F2F1C451D29 /* DesignSystem.swift */ = {isa = PBXFileReference; includeInIndex = 1; lastKnownFileType = sourcecode.swift; path = DesignSystem.swift; sourceTree = "<group>"; };
		EF752985D9BB05F3C19C6308 /* LootTables.swift */ = {isa = PBXFileReference; includeInIndex = 1; lastKnownFileType = sourcecode.swift; path = LootTables.swift; sourceTree = "<group>"; };
		ENTIDFILE1 /* EntityIDs.swift */ = {isa = PBXFileReference; includeInIndex = 1; lastKnownFileType = sourcecode.swift; path = EntityIDs.swift; sourceTree = "<group>"; };
		F39E73304F9D3F17740953D5 /* MegaBoardRenderer.swift */ = {isa = PBXFileReference; includeInIndex = 1; lastKnownFileType = sourcecode.swift; path = MegaBoardRenderer.swift; sourceTree = "<group>"; };
		F5F896AC2E9B27982965DBAF /* Protocol.swift */ = {isa = PBXFileReference; includeInIndex = 1; lastKnownFileType = sourcecode.swift; path = Protocol.swift; sourceTree = "<group>"; };
		F83163F5E1BEA26402290CE9 /* IdleSpawnSystem.swift */ = {isa = PBXFileReference; includeInIndex = 1; lastKnownFileType = sourcecode.swift; path = IdleSpawnSystem.swift; sourceTree = "<group>"; };
		FFF59B8E7D74C8309105FA47 /* BlockerSystem.swift */ = {isa = PBXFileReference; includeInIndex = 1; lastKnownFileType = sourcecode.swift; path = BlockerSystem.swift; sourceTree = "<group>"; };
		FRMCTX001 /* FrameContext.swift */ = {isa = PBXFileReference; lastKnownFileType = sourcecode.swift; path = FrameContext.swift; sourceTree = "<group>"; };
		INTROREF01234567890ABCDEF /* IntroSequenceView.swift */ = {isa = PBXFileReference; includeInIndex = 1; lastKnownFileType = sourcecode.swift; path = IntroSequenceView.swift; sourceTree = "<group>"; };
		L10NSWREF /* L10n.swift */ = {isa = PBXFileReference; lastKnownFileType = sourcecode.swift; path = L10n.swift; sourceTree = "<group>"; };
		LOCSTRSREF /* Localizable.xcstrings */ = {isa = PBXFileReference; lastKnownFileType = text.json.xcstrings; path = Localizable.xcstrings; sourceTree = "<group>"; };
		MBRDFILE01 /* MotherboardTypes.swift */ = {isa = PBXFileReference; lastKnownFileType = sourcecode.swift; path = MotherboardTypes.swift; sourceTree = "<group>"; };
		NODEPOOL1 /* NodePool.swift */ = {isa = PBXFileReference; lastKnownFileType = sourcecode.swift; path = NodePool.swift; sourceTree = "<group>"; };
		OBJPOOL01 /* ObjectPool.swift */ = {isa = PBXFileReference; lastKnownFileType = sourcecode.swift; path = ObjectPool.swift; sourceTree = "<group>"; };
		SCROLLCT1 /* ScrollingCombatText.swift */ = {isa = PBXFileReference; lastKnownFileType = sourcecode.swift; path = ScrollingCombatText.swift; sourceTree = "<group>"; };
		SPTGRID01 /* SpatialGrid.swift */ = {isa = PBXFileReference; lastKnownFileType = sourcecode.swift; path = SpatialGrid.swift; sourceTree = "<group>"; };
		SURVARENA /* SurvivalArenaSystem.swift */ = {isa = PBXFileReference; lastKnownFileType = sourcecode.swift; path = SurvivalArenaSystem.swift; sourceTree = "<group>"; };
		TOWERANIM /* TowerAnimations.swift */ = {isa = PBXFileReference; lastKnownFileType = sourcecode.swift; path = TowerAnimations.swift; sourceTree = "<group>"; };
		TOWERGAL1 /* TowerGalleryView.swift */ = {isa = PBXFileReference; lastKnownFileType = sourcecode.swift; path = TowerGalleryView.swift; sourceTree = "<group>"; };
		TOWERVF01 /* TowerVisualFactory.swift */ = {isa = PBXFileReference; lastKnownFileType = sourcecode.swift; path = TowerVisualFactory.swift; sourceTree = "<group>"; };
		TUTHNTREF1234567890ABCDEF /* TutorialHintOverlay.swift */ = {isa = PBXFileReference; includeInIndex = 1; lastKnownFileType = sourcecode.swift; path = TutorialHintOverlay.swift; sourceTree = "<group>"; };
		E1F2A3B4C5D60718293E4F5A /* TDSimulator.swift */ = {isa = PBXFileReference; includeInIndex = 1; lastKnownFileType = sourcecode.swift; path = TDSimulator.swift; sourceTree = "<group>"; };
		A2B3C4D5E6F70819293A4B5D /* TDBot.swift */ = {isa = PBXFileReference; includeInIndex = 1; lastKnownFileType = sourcecode.swift; path = TDBot.swift; sourceTree = "<group>"; };
		C2D3E4F5A6B70819293C4D5F /* SimulationRunner.swift */ = {isa = PBXFileReference; includeInIndex = 1; lastKnownFileType = sourcecode.swift; path = SimulationRunner.swift; sourceTree = "<group>"; };
		BOSSSIM01REF /* BossSimulator.swift */ = {isa = PBXFileReference; includeInIndex = 1; lastKnownFileType = sourcecode.swift; path = BossSimulator.swift; sourceTree = "<group>"; };
		BOSSBOT01REF /* BossBot.swift */ = {isa = PBXFileReference; includeInIndex = 1; lastKnownFileType = sourcecode.swift; path = BossBot.swift; sourceTree = "<group>"; };
		TDHLPVW01 /* TDHelperViews.swift */ = {isa = PBXFileReference; includeInIndex = 1; lastKnownFileType = sourcecode.swift; path = TDHelperViews.swift; sourceTree = "<group>"; };
		TWRDCK001 /* TowerDeckCards.swift */ = {isa = PBXFileReference; includeInIndex = 1; lastKnownFileType = sourcecode.swift; path = TowerDeckCards.swift; sourceTree = "<group>"; };
		APSTUT001 /* AppState+Tutorial.swift */ = {isa = PBXFileReference; includeInIndex = 1; lastKnownFileType = sourcecode.swift; path = "AppState+Tutorial.swift"; sourceTree = "<group>"; };
		TDPARTF01 /* TDParticleFactory.swift */ = {isa = PBXFileReference; includeInIndex = 1; lastKnownFileType = sourcecode.swift; path = TDParticleFactory.swift; sourceTree = "<group>"; };
		UICLRUTL0001 /* UIColor+Utilities.swift */ = {isa = PBXFileReference; includeInIndex = 1; lastKnownFileType = sourcecode.swift; path = "UIColor+Utilities.swift"; sourceTree = "<group>"; };
		TDSCNBG00001 /* TDGameScene+Background.swift */ = {isa = PBXFileReference; includeInIndex = 1; lastKnownFileType = sourcecode.swift; path = "TDGameScene+Background.swift"; sourceTree = "<group>"; };
		TDSCNSR00001 /* TDGameScene+SectorRendering.swift */ = {isa = PBXFileReference; includeInIndex = 1; lastKnownFileType = sourcecode.swift; path = "TDGameScene+SectorRendering.swift"; sourceTree = "<group>"; };
		TDSCNPT00001 /* TDGameScene+Paths.swift */ = {isa = PBXFileReference; includeInIndex = 1; lastKnownFileType = sourcecode.swift; path = "TDGameScene+Paths.swift"; sourceTree = "<group>"; };
		TDSCNEF00001 /* TDGameScene+Effects.swift */ = {isa = PBXFileReference; includeInIndex = 1; lastKnownFileType = sourcecode.swift; path = "TDGameScene+Effects.swift"; sourceTree = "<group>"; };
		TDSCNEV00001 /* TDGameScene+EntityVisuals.swift */ = {isa = PBXFileReference; includeInIndex = 1; lastKnownFileType = sourcecode.swift; path = "TDGameScene+EntityVisuals.swift"; sourceTree = "<group>"; };
		TDSCNIN00001 /* TDGameScene+Input.swift */ = {isa = PBXFileReference; includeInIndex = 1; lastKnownFileType = sourcecode.swift; path = "TDGameScene+Input.swift"; sourceTree = "<group>"; };
		TDSCNAC00001 /* TDGameScene+Actions.swift */ = {isa = PBXFileReference; includeInIndex = 1; lastKnownFileType = sourcecode.swift; path = "TDGameScene+Actions.swift"; sourceTree = "<group>"; };
		MTHRBRDVRF0 /* MotherboardView.swift */ = {isa = PBXFileReference; includeInIndex = 1; lastKnownFileType = sourcecode.swift; path = MotherboardView.swift; sourceTree = "<group>"; };
		EMBTDCTRF0 /* EmbeddedTDGameController.swift */ = {isa = PBXFileReference; includeInIndex = 1; lastKnownFileType = sourcecode.swift; path = EmbeddedTDGameController.swift; sourceTree = "<group>"; };
		EMBTDGVRF0 /* EmbeddedTDGameView.swift */ = {isa = PBXFileReference; includeInIndex = 1; lastKnownFileType = sourcecode.swift; path = EmbeddedTDGameView.swift; sourceTree = "<group>"; };
		SYSFRZOVRF0 /* SystemFreezeOverlay.swift */ = {isa = PBXFileReference; includeInIndex = 1; lastKnownFileType = sourcecode.swift; path = SystemFreezeOverlay.swift; sourceTree = "<group>"; };
		ARSNLVWRF0 /* ArsenalView.swift */ = {isa = PBXFileReference; includeInIndex = 1; lastKnownFileType = sourcecode.swift; path = ArsenalView.swift; sourceTree = "<group>"; };
		UPGRDVWRF0 /* UpgradesView.swift */ = {isa = PBXFileReference; includeInIndex = 1; lastKnownFileType = sourcecode.swift; path = UpgradesView.swift; sourceTree = "<group>"; };
		BSSENCVWRF0 /* BossEncountersView.swift */ = {isa = PBXFileReference; includeInIndex = 1; lastKnownFileType = sourcecode.swift; path = BossEncountersView.swift; sourceTree = "<group>"; };
		DBGGMVWRF0 /* DebugGameView.swift */ = {isa = PBXFileReference; includeInIndex = 1; lastKnownFileType = sourcecode.swift; path = DebugGameView.swift; sourceTree = "<group>"; };
/* End PBXFileReference section */

/* Begin PBXFrameworksBuildPhase section */
		AA300001 /* Frameworks */ = {
			isa = PBXFrameworksBuildPhase;
			buildActionMask = 2147483647;
			files = (
			);
			runOnlyForDeploymentPostprocessing = 0;
		};
/* End PBXFrameworksBuildPhase section */

/* Begin PBXGroup section */
		AA400001 = {
			isa = PBXGroup;
			children = (
				AA400002 /* SystemReboot */,
				AA400003 /* Products */,
			);
			sourceTree = "<group>";
		};
		AA400002 /* SystemReboot */ = {
			isa = PBXGroup;
			children = (
				AA400004 /* App */,
				AA400005 /* Core */,
				AA400006 /* GameEngine */,
				AA400007 /* Rendering */,
				AA400008 /* UI */,
				AA400009 /* Services */,
				AA400010 /* Resources */,
				AA100014 /* Assets.xcassets */,
				AA100016 /* Info.plist */,
			);
			path = SystemReboot;
			sourceTree = "<group>";
		};
		AA400003 /* Products */ = {
			isa = PBXGroup;
			children = (
				AA200001 /* SystemReboot.app */,
			);
			name = Products;
			sourceTree = "<group>";
		};
		AA400004 /* App */ = {
			isa = PBXGroup;
			children = (
				AA100001 /* SystemRebootApp.swift */,
				AA100002 /* ContentView.swift */,
				AA100031 /* AppState.swift */,
				APSTUT001 /* AppState+Tutorial.swift */,
			);
			path = App;
			sourceTree = "<group>";
		};
		AA400005 /* Core */ = {
			isa = PBXGroup;
			children = (
				AA400011 /* Types */,
				AA400012 /* Config */,
				AA400013 /* Utils */,
				B8763795AB941FBACFABA17D /* Systems */,
				L10NGROUP /* Localization */,
			);
			path = Core;
			sourceTree = "<group>";
		};
		AA400006 /* GameEngine */ = {
			isa = PBXGroup;
			children = (
				AA100008 /* GameState.swift */,
				AA400014 /* Systems */,
				AA400015 /* Bosses */,
				AA400016 /* Simulation */,
			);
			path = GameEngine;
			sourceTree = "<group>";
		};
		AA400007 /* Rendering */ = {
			isa = PBXGroup;
			children = (
				AA100010 /* GameScene.swift */,
				AA100011 /* EntityRenderer.swift */,
				AA100022 /* ParticleFactory.swift */,
				AA100023 /* VisualEffects.swift */,
				AA100024 /* ArenaRenderer.swift */,
				529D24D2EF82C2EEECE9B970 /* TDGameScene.swift */,
				TDSCNBG00001 /* TDGameScene+Background.swift */,
				TDSCNSR00001 /* TDGameScene+SectorRendering.swift */,
				TDSCNPT00001 /* TDGameScene+Paths.swift */,
				TDSCNEF00001 /* TDGameScene+Effects.swift */,
				TDSCNEV00001 /* TDGameScene+EntityVisuals.swift */,
				TDSCNIN00001 /* TDGameScene+Input.swift */,
				TDSCNAC00001 /* TDGameScene+Actions.swift */,
				F39E73304F9D3F17740953D5 /* MegaBoardRenderer.swift */,
				NODEPOOL1 /* NodePool.swift */,
				SCROLLCT1 /* ScrollingCombatText.swift */,
				TOWERANIM /* TowerAnimations.swift */,
				TOWERVF01 /* TowerVisualFactory.swift */,
				TDPARTF01 /* TDParticleFactory.swift */,
			);
			path = Rendering;
			sourceTree = "<group>";
		};
		AA400008 /* UI */ = {
			isa = PBXGroup;
			children = (
				AA400017 /* Components */,
				AA400018 /* Game */,
				B51208EDDA6B09BF55F44B88 /* Tabs */,
				DBGGRP001 /* Debug */,
			);
			path = UI;
			sourceTree = "<group>";
		};
		AA400009 /* Services */ = {
			isa = PBXGroup;
			children = (
				AA100032 /* StorageService.swift */,
				AA100041 /* HapticsService.swift */,
				AA100042 /* NotificationService.swift */,
			);
			path = Services;
			sourceTree = "<group>";
		};
		AA400010 /* Resources */ = {
			isa = PBXGroup;
			children = (
				AA100015 /* GameConfig.json */,
				AA400019 /* ParticleEffects */,
				31EF22FB9EBD5242CFCD38DD /* TDConfig.json */,
				LOCSTRSREF /* Localizable.xcstrings */,
			);
			path = Resources;
			sourceTree = "<group>";
		};
		AA400011 /* Types */ = {
			isa = PBXGroup;
			children = (
				AA100003 /* GameTypes.swift */,
				1E7B2121571D71C1EE9E0447 /* SharedTypes.swift */,
				BE64BB27463A150B6F32451C /* TDTypes.swift */,
				F5F896AC2E9B27982965DBAF /* Protocol.swift */,
				ENTIDFILE1 /* EntityIDs.swift */,
				05CD61F04E3DFCEE4B53606E /* GlobalUpgrades.swift */,
				COMPTYPREF /* ComponentTypes.swift */,
				MBRDFILE01 /* MotherboardTypes.swift */,
				642FC35778370BD58869415C /* MegaBoardTypes.swift */,
				FRMCTX001 /* FrameContext.swift */,
				BSSENCRRF0 /* BossEncounter.swift */,
				CRINFTYRF0 /* CurrencyInfoType.swift */,
				BSSSTTSRF0 /* BossStates.swift */,
				TDSESSTRF0 /* TDSessionState.swift */,
				WAVTYPRF01 /* WaveTypes.swift */,
				BSSLTRWRF0 /* BossLootReward.swift */,
			);
			path = Types;
			sourceTree = "<group>";
		};
		AA400012 /* Config */ = {
			isa = PBXGroup;
			children = (
				AA100004 /* GameConfig.swift */,
				BALCFGREF /* BalanceConfig.swift */,
				E2301A5EEEE90F2F1C451D29 /* DesignSystem.swift */,
				D0730EB976BE58FD41672919 /* SectorSchematics.swift */,
				EF752985D9BB05F3C19C6308 /* LootTables.swift */,
				MBCFGDTRF0 /* MotherboardConfigData.swift */,
			);
			path = Config;
			sourceTree = "<group>";
		};
		AA400013 /* Utils */ = {
			isa = PBXGroup;
			children = (
				AA100006 /* MathUtils.swift */,
				UICLRUTL0001 /* UIColor+Utilities.swift */,
				AA100007 /* RandomUtils.swift */,
				OBJPOOL01 /* ObjectPool.swift */,
				SPTGRID01 /* SpatialGrid.swift */,
			);
			path = Utils;
			sourceTree = "<group>";
		};
		AA400014 /* Systems */ = {
			isa = PBXGroup;
			children = (
				AA100009 /* PlayerSystem.swift */,
				AA100017 /* EnemySystem.swift */,
				AA100018 /* WeaponSystem.swift */,
				AA100019 /* ProjectileSystem.swift */,
				AA100020 /* SpawnSystem.swift */,
				AA100021 /* PickupSystem.swift */,
				AA100025 /* UpgradeSystem.swift */,
				AA100026 /* PotionSystem.swift */,
				AA100027 /* LevelingSystem.swift */,
				AA100028 /* XPSystem.swift */,
				AA100038 /* ArenaSystem.swift */,
				652706E4D090EB81125BDB8E /* TowerSystem.swift */,
				260E703394574A0E21D9E82C /* WaveSystem.swift */,
				09DD228498839C35BD9C1D41 /* PathSystem.swift */,
				9BC456BE2F341A8C1006B747 /* CoreSystem.swift */,
				FFF59B8E7D74C8309105FA47 /* BlockerSystem.swift */,
				CD9E6ED7EECE5CEDDC65F8CA /* ZeroDaySystem.swift */,
				SURVARENA /* SurvivalArenaSystem.swift */,
				B0E31CD9D6765DA7C7AEB9B8 /* PillarSystem.swift */,
				F83163F5E1BEA26402290CE9 /* IdleSpawnSystem.swift */,
				AE2BB52D7ABE2015A94B5FA3 /* TDBossSystem.swift */,
				651BD9A10095829CA07C1FDB /* OverclockSystem.swift */,
			);
			path = Systems;
			sourceTree = "<group>";
		};
		AA400015 /* Bosses */ = {
			isa = PBXGroup;
			children = (
				AA100039 /* CyberbossAI.swift */,
				AA100040 /* VoidHarbingerAI.swift */,
				OVERCLOCK01 /* OverclockerAI.swift */,
				TROJANWYRM1 /* TrojanWyrmAI.swift */,
			);
			path = Bosses;
			sourceTree = "<group>";
		};
		AA400016 /* Simulation */ = {
			isa = PBXGroup;
			children = (
				E1F2A3B4C5D60718293E4F5A /* TDSimulator.swift */,
				A2B3C4D5E6F70819293A4B5D /* TDBot.swift */,
				C2D3E4F5A6B70819293C4D5F /* SimulationRunner.swift */,
				BOSSSIM01REF /* BossSimulator.swift */,
				BOSSBOT01REF /* BossBot.swift */,
			);
			path = Simulation;
			sourceTree = "<group>";
		};
		AA400017 /* Components */ = {
			isa = PBXGroup;
			children = (
				3A8E338914F9E07D0B723EC2 /* WelcomeBackModal.swift */,
				7B9E64D9B78CFAD391735AC3 /* BlueprintDiscoveryModal.swift */,
				8B9E64D9B78CFAD391735AC4 /* BlueprintRevealModal.swift */,
				9C9E64D9B78CFAD391735AC5 /* BossLootModal.swift */,
				INTROREF01234567890ABCDEF /* IntroSequenceView.swift */,
				TUTHNTREF1234567890ABCDEF /* TutorialHintOverlay.swift */,
				AA100043 /* NotificationSettingsSheet.swift */,
				AA100044 /* SettingsSheet.swift */,
			);
			path = Components;
			sourceTree = "<group>";
		};
		AA400018 /* Game */ = {
			isa = PBXGroup;
			children = (
				AA100012 /* GameContainerView.swift */,
				AA100013 /* VirtualJoystick.swift */,
				AA100030 /* UpgradeModalView.swift */,
				CC72E98D972777DB4AA482F1 /* TDGameContainerView.swift */,
				524A80231C9853CE6D4B5A23 /* ManualOverrideView.swift */,
				TDHLPVW01 /* TDHelperViews.swift */,
				TWRDCK001 /* TowerDeckCards.swift */,
			);
			path = Game;
			sourceTree = "<group>";
		};
		AA400019 /* ParticleEffects */ = {
			isa = PBXGroup;
			children = (
			);
			path = ParticleEffects;
			sourceTree = "<group>";
		};
		B51208EDDA6B09BF55F44B88 /* Tabs */ = {
			isa = PBXGroup;
			children = (
				A0DF9C1FE08F41AF3A00A75A /* SystemTabView.swift */,
				MTHRBRDVRF0 /* MotherboardView.swift */,
				EMBTDCTRF0 /* EmbeddedTDGameController.swift */,
				EMBTDGVRF0 /* EmbeddedTDGameView.swift */,
				SYSFRZOVRF0 /* SystemFreezeOverlay.swift */,
				ARSNLVWRF0 /* ArsenalView.swift */,
				UPGRDVWRF0 /* UpgradesView.swift */,
				BSSENCVWRF0 /* BossEncountersView.swift */,
				DBGGMVWRF0 /* DebugGameView.swift */,
			);
			path = Tabs;
			sourceTree = "<group>";
		};
		B8763795AB941FBACFABA17D /* Systems */ = {
			isa = PBXGroup;
			children = (
				02B5E6817BAB23FC2F7DFE4F /* MegaBoardSystem.swift */,
				1E56EE626092F9ADEC962B0B /* SectorUnlockSystem.swift */,
				0A0864F1DC489D8FAB94D0EC /* BlueprintDropSystem.swift */,
			);
			path = Systems;
			sourceTree = "<group>";
		};
		DBGGRP001 /* Debug */ = {
			isa = PBXGroup;
			children = (
				TOWERGAL1 /* TowerGalleryView.swift */,
			);
			path = Debug;
			sourceTree = "<group>";
		};
		L10NGROUP /* Localization */ = {
			isa = PBXGroup;
			children = (
				L10NSWREF /* L10n.swift */,
			);
			path = Localization;
			sourceTree = "<group>";
		};
/* End PBXGroup section */

/* Begin PBXNativeTarget section */
		AA500001 /* SystemReboot */ = {
			isa = PBXNativeTarget;
			buildConfigurationList = AA600001 /* Build configuration list for PBXNativeTarget "SystemReboot" */;
			buildPhases = (
				AA700001 /* Sources */,
				AA300001 /* Frameworks */,
				AA800001 /* Resources */,
			);
			buildRules = (
			);
			dependencies = (
			);
			name = SystemReboot;
			productName = SystemReboot;
			productReference = AA200001 /* SystemReboot.app */;
			productType = "com.apple.product-type.application";
		};
/* End PBXNativeTarget section */

/* Begin PBXProject section */
		AA900001 /* Project object */ = {
			isa = PBXProject;
			attributes = {
				BuildIndependentTargetsInParallel = 1;
				LastSwiftUpdateCheck = 1500;
				LastUpgradeCheck = 1500;
				TargetAttributes = {
					AA500001 = {
						CreatedOnToolsVersion = 15.0;
					};
				};
			};
			buildConfigurationList = AAA00001 /* Build configuration list for PBXProject "SystemReboot" */;
			compatibilityVersion = "Xcode 14.0";
			developmentRegion = en;
			hasScannedForEncodings = 0;
			knownRegions = (
				en,
				de,
				Base,
			);
			mainGroup = AA400001;
			productRefGroup = AA400003 /* Products */;
			projectDirPath = "";
			projectRoot = "";
			targets = (
				AA500001 /* SystemReboot */,
			);
		};
/* End PBXProject section */

/* Begin PBXResourcesBuildPhase section */
		AA800001 /* Resources */ = {
			isa = PBXResourcesBuildPhase;
			buildActionMask = 2147483647;
			files = (
				AA000014 /* Assets.xcassets in Resources */,
				AA000015 /* GameConfig.json in Resources */,
				47C2EC65CDFEE77D87E73F93 /* TDConfig.json in Resources */,
				LOCSTRSBLD /* Localizable.xcstrings in Resources */,
			);
			runOnlyForDeploymentPostprocessing = 0;
		};
/* End PBXResourcesBuildPhase section */

/* Begin PBXSourcesBuildPhase section */
		AA700001 /* Sources */ = {
			isa = PBXSourcesBuildPhase;
			buildActionMask = 2147483647;
			files = (
				AA000001 /* SystemRebootApp.swift in Sources */,
				AA000002 /* ContentView.swift in Sources */,
				AA000003 /* GameTypes.swift in Sources */,
				AA000004 /* GameConfig.swift in Sources */,
				AA000006 /* MathUtils.swift in Sources */,
				AA000007 /* RandomUtils.swift in Sources */,
				AA000008 /* GameState.swift in Sources */,
				AA000009 /* PlayerSystem.swift in Sources */,
				AA000010 /* GameScene.swift in Sources */,
				AA000011 /* EntityRenderer.swift in Sources */,
				AA000012 /* GameContainerView.swift in Sources */,
				AA000013 /* VirtualJoystick.swift in Sources */,
				AA000016 /* EnemySystem.swift in Sources */,
				AA000017 /* WeaponSystem.swift in Sources */,
				AA000018 /* ProjectileSystem.swift in Sources */,
				AA000019 /* SpawnSystem.swift in Sources */,
				AA000020 /* PickupSystem.swift in Sources */,
				AA000021 /* ParticleFactory.swift in Sources */,
				AA000022 /* VisualEffects.swift in Sources */,
				AA000023 /* ArenaRenderer.swift in Sources */,
				AA000024 /* UpgradeSystem.swift in Sources */,
				AA000025 /* PotionSystem.swift in Sources */,
				AA000026 /* LevelingSystem.swift in Sources */,
				AA000027 /* XPSystem.swift in Sources */,
				AA000029 /* UpgradeModalView.swift in Sources */,
				AA000030 /* AppState.swift in Sources */,
				AA000031 /* StorageService.swift in Sources */,
				AA000037 /* ArenaSystem.swift in Sources */,
				AA000038 /* CyberbossAI.swift in Sources */,
				AA000039 /* VoidHarbingerAI.swift in Sources */,
				AA00003A /* OverclockerAI.swift in Sources */,
				AA00003B /* TrojanWyrmAI.swift in Sources */,
				AA000040 /* HapticsService.swift in Sources */,
				AA000042 /* NotificationService.swift in Sources */,
				AA000043 /* NotificationSettingsSheet.swift in Sources */,
				AA000044 /* SettingsSheet.swift in Sources */,
				41D40273C81B81885F1FEA91 /* SharedTypes.swift in Sources */,
				9EDABF2B31A14E0C2280899C /* TDTypes.swift in Sources */,
				24560D324C0A2B4C238A3D31 /* TowerSystem.swift in Sources */,
				A322E4133BD75AF92145044F /* WaveSystem.swift in Sources */,
				13BD166CCD4350CD954872C6 /* PathSystem.swift in Sources */,
				8286A13527D7335AC91D79E4 /* CoreSystem.swift in Sources */,
				6FAF2498EB10A21AABF8C5D8 /* TDGameScene.swift in Sources */,
				6F5EB8BB58745318945A09FD /* TDGameContainerView.swift in Sources */,
				594042117873415AD5954A69 /* DesignSystem.swift in Sources */,
				132D341FD93DC073BD0C1452 /* BlockerSystem.swift in Sources */,
				DF05D338EC463EE954882827 /* WelcomeBackModal.swift in Sources */,
				85D742892A02CDAC50FA930C /* ZeroDaySystem.swift in Sources */,
				469B93F994E728C789F86031 /* Protocol.swift in Sources */,
				ENTID00001 /* EntityIDs.swift in Sources */,
				D817F5739FA9ED9B57CA10C5 /* GlobalUpgrades.swift in Sources */,
				COMPTYPBLD /* ComponentTypes.swift in Sources */,
				80D7D638D0392D445B34D53C /* SystemTabView.swift in Sources */,
				MBRD00001 /* MotherboardTypes.swift in Sources */,
				2096E9DBF01F2416463E54D1 /* MegaBoardTypes.swift in Sources */,
				8F2433B0984EE3015CE09545 /* MegaBoardSystem.swift in Sources */,
				D12722CA83FE38E637AF3886 /* SectorUnlockSystem.swift in Sources */,
				7584C9579299C011354D004E /* MegaBoardRenderer.swift in Sources */,
				44E5FE6B9BCA52CA00105C40 /* ManualOverrideView.swift in Sources */,
				FRMCTXBLD /* FrameContext.swift in Sources */,
				OBJPOLBLD /* ObjectPool.swift in Sources */,
				SPTGRDBLD /* SpatialGrid.swift in Sources */,
				SURVARBLD /* SurvivalArenaSystem.swift in Sources */,
				NODEPLBLD /* NodePool.swift in Sources */,
				SCRLCTBLD /* ScrollingCombatText.swift in Sources */,
				TWRANMBLD /* TowerAnimations.swift in Sources */,
				TWRVFABLD /* TowerVisualFactory.swift in Sources */,
				TWRGALBLD /* TowerGalleryView.swift in Sources */,
				01237F59EE02566C430CB41B /* PillarSystem.swift in Sources */,
				21C537CEC27D011FCFC30E1B /* IdleSpawnSystem.swift in Sources */,
				6C248F4AC18463B47DE591BF /* SectorSchematics.swift in Sources */,
				50A8B0A9C7780F96391DAD35 /* BlueprintDropSystem.swift in Sources */,
				991A0F5ED7D6C9F7F159B95D /* LootTables.swift in Sources */,
				BALCFGBLD /* BalanceConfig.swift in Sources */,
				04461EF9164A14B078C039DF /* BlueprintDiscoveryModal.swift in Sources */,
				05461EF9164A14B078C039E0 /* BlueprintRevealModal.swift in Sources */,
				06461EF9164A14B078C039E1 /* BossLootModal.swift in Sources */,
				INTROBLD01234567890ABCDEF /* IntroSequenceView.swift in Sources */,
				TUTHNTBLD1234567890ABCDEF /* TutorialHintOverlay.swift in Sources */,
				L10NSWBLD /* L10n.swift in Sources */,
				8BA8D266E8CD517FA0918203 /* TDBossSystem.swift in Sources */,
				E2CB23521807163E621574B3 /* OverclockSystem.swift in Sources */,
				F1A2B3C4D5E60718293F4A5B /* TDSimulator.swift in Sources */,
				B2C3D4E5F6A70819293B4C5E /* TDBot.swift in Sources */,
				D2E3F4A5B6C70819293D4E5A /* SimulationRunner.swift in Sources */,
				BOSSSIM01BLD /* BossSimulator.swift in Sources */,
				BOSSBOT01BLD /* BossBot.swift in Sources */,
				TDHLPVWBLD /* TDHelperViews.swift in Sources */,
				TWRDCKBLD0 /* TowerDeckCards.swift in Sources */,
				APSTUTBLD0 /* AppState+Tutorial.swift in Sources */,
				TDPARTFBLD /* TDParticleFactory.swift in Sources */,
				UICLRBLD0001 /* UIColor+Utilities.swift in Sources */,
				TDSCNBGB0001 /* TDGameScene+Background.swift in Sources */,
				TDSCNSRB0001 /* TDGameScene+SectorRendering.swift in Sources */,
				TDSCNPTB0001 /* TDGameScene+Paths.swift in Sources */,
				TDSCNEFB0001 /* TDGameScene+Effects.swift in Sources */,
				TDSCNEVB0001 /* TDGameScene+EntityVisuals.swift in Sources */,
				TDSCNINB0001 /* TDGameScene+Input.swift in Sources */,
				TDSCNACB0001 /* TDGameScene+Actions.swift in Sources */,
				BSSENCRBL0 /* BossEncounter.swift in Sources */,
				CRINFTYBL0 /* CurrencyInfoType.swift in Sources */,
				BSSSTTSBL0 /* BossStates.swift in Sources */,
				TDSESSTBL0 /* TDSessionState.swift in Sources */,
				WAVTYPBL01 /* WaveTypes.swift in Sources */,
				BSSLTRWBL0 /* BossLootReward.swift in Sources */,
				MBCFGDTBL0 /* MotherboardConfigData.swift in Sources */,
				MTHRBRDVBL0 /* MotherboardView.swift in Sources */,
				EMBTDCTBL0 /* EmbeddedTDGameController.swift in Sources */,
				EMBTDGVBL0 /* EmbeddedTDGameView.swift in Sources */,
				SYSFRZOVBL0 /* SystemFreezeOverlay.swift in Sources */,
				ARSNLVWBL0 /* ArsenalView.swift in Sources */,
				UPGRDVWBL0 /* UpgradesView.swift in Sources */,
				BSSENCVWBL0 /* BossEncountersView.swift in Sources */,
				DBGGMVWBL0 /* DebugGameView.swift in Sources */,
			);
			runOnlyForDeploymentPostprocessing = 0;
		};
/* End PBXSourcesBuildPhase section */

/* Begin XCBuildConfiguration section */
		AAB00001 /* Debug */ = {
			isa = XCBuildConfiguration;
			buildSettings = {
				ALWAYS_SEARCH_USER_PATHS = NO;
				ASSETCATALOG_COMPILER_GENERATE_SWIFT_ASSET_SYMBOL_EXTENSIONS = YES;
				CLANG_ANALYZER_NONNULL = YES;
				CLANG_ANALYZER_NUMBER_OBJECT_CONVERSION = YES_AGGRESSIVE;
				CLANG_CXX_LANGUAGE_STANDARD = "gnu++20";
				CLANG_ENABLE_MODULES = YES;
				CLANG_ENABLE_OBJC_ARC = YES;
				CLANG_ENABLE_OBJC_WEAK = YES;
				CLANG_WARN_BLOCK_CAPTURE_AUTORELEASING = YES;
				CLANG_WARN_BOOL_CONVERSION = YES;
				CLANG_WARN_COMMA = YES;
				CLANG_WARN_CONSTANT_CONVERSION = YES;
				CLANG_WARN_DEPRECATED_OBJC_IMPLEMENTATIONS = YES;
				CLANG_WARN_DIRECT_OBJC_ISA_USAGE = YES_ERROR;
				CLANG_WARN_DOCUMENTATION_COMMENTS = YES;
				CLANG_WARN_EMPTY_BODY = YES;
				CLANG_WARN_ENUM_CONVERSION = YES;
				CLANG_WARN_INFINITE_RECURSION = YES;
				CLANG_WARN_INT_CONVERSION = YES;
				CLANG_WARN_NON_LITERAL_NULL_CONVERSION = YES;
				CLANG_WARN_OBJC_IMPLICIT_RETAIN_SELF = YES;
				CLANG_WARN_OBJC_LITERAL_CONVERSION = YES;
				CLANG_WARN_OBJC_ROOT_CLASS = YES_ERROR;
				CLANG_WARN_QUOTED_INCLUDE_IN_FRAMEWORK_HEADER = YES;
				CLANG_WARN_RANGE_LOOP_ANALYSIS = YES;
				CLANG_WARN_STRICT_PROTOTYPES = YES;
				CLANG_WARN_SUSPICIOUS_MOVE = YES;
				CLANG_WARN_UNGUARDED_AVAILABILITY = YES_AGGRESSIVE;
				CLANG_WARN_UNREACHABLE_CODE = YES;
				CLANG_WARN__DUPLICATE_METHOD_MATCH = YES;
				COPY_PHASE_STRIP = NO;
				DEBUG_INFORMATION_FORMAT = dwarf;
				ENABLE_STRICT_OBJC_MSGSEND = YES;
				ENABLE_TESTABILITY = YES;
				ENABLE_USER_SCRIPT_SANDBOXING = YES;
				GCC_C_LANGUAGE_STANDARD = gnu17;
				GCC_DYNAMIC_NO_PIC = NO;
				GCC_NO_COMMON_BLOCKS = YES;
				GCC_OPTIMIZATION_LEVEL = 0;
				GCC_PREPROCESSOR_DEFINITIONS = (
					"DEBUG=1",
					"$(inherited)",
				);
				GCC_WARN_64_TO_32_BIT_CONVERSION = YES;
				GCC_WARN_ABOUT_RETURN_TYPE = YES_ERROR;
				GCC_WARN_UNDECLARED_SELECTOR = YES;
				GCC_WARN_UNINITIALIZED_AUTOS = YES_AGGRESSIVE;
				GCC_WARN_UNUSED_FUNCTION = YES;
				GCC_WARN_UNUSED_VARIABLE = YES;
				IPHONEOS_DEPLOYMENT_TARGET = 16.0;
				LOCALIZATION_PREFERS_STRING_CATALOGS = YES;
				MTL_ENABLE_DEBUG_INFO = INCLUDE_SOURCE;
				MTL_FAST_MATH = YES;
				ONLY_ACTIVE_ARCH = YES;
				SDKROOT = iphoneos;
				SWIFT_ACTIVE_COMPILATION_CONDITIONS = "DEBUG $(inherited)";
				SWIFT_OPTIMIZATION_LEVEL = "-Onone";
			};
			name = Debug;
		};
		AAB00002 /* Release */ = {
			isa = XCBuildConfiguration;
			buildSettings = {
				ALWAYS_SEARCH_USER_PATHS = NO;
				ASSETCATALOG_COMPILER_GENERATE_SWIFT_ASSET_SYMBOL_EXTENSIONS = YES;
				CLANG_ANALYZER_NONNULL = YES;
				CLANG_ANALYZER_NUMBER_OBJECT_CONVERSION = YES_AGGRESSIVE;
				CLANG_CXX_LANGUAGE_STANDARD = "gnu++20";
				CLANG_ENABLE_MODULES = YES;
				CLANG_ENABLE_OBJC_ARC = YES;
				CLANG_ENABLE_OBJC_WEAK = YES;
				CLANG_WARN_BLOCK_CAPTURE_AUTORELEASING = YES;
				CLANG_WARN_BOOL_CONVERSION = YES;
				CLANG_WARN_COMMA = YES;
				CLANG_WARN_CONSTANT_CONVERSION = YES;
				CLANG_WARN_DEPRECATED_OBJC_IMPLEMENTATIONS = YES;
				CLANG_WARN_DIRECT_OBJC_ISA_USAGE = YES_ERROR;
				CLANG_WARN_DOCUMENTATION_COMMENTS = YES;
				CLANG_WARN_EMPTY_BODY = YES;
				CLANG_WARN_ENUM_CONVERSION = YES;
				CLANG_WARN_INFINITE_RECURSION = YES;
				CLANG_WARN_INT_CONVERSION = YES;
				CLANG_WARN_NON_LITERAL_NULL_CONVERSION = YES;
				CLANG_WARN_OBJC_IMPLICIT_RETAIN_SELF = YES;
				CLANG_WARN_OBJC_LITERAL_CONVERSION = YES;
				CLANG_WARN_OBJC_ROOT_CLASS = YES_ERROR;
				CLANG_WARN_QUOTED_INCLUDE_IN_FRAMEWORK_HEADER = YES;
				CLANG_WARN_RANGE_LOOP_ANALYSIS = YES;
				CLANG_WARN_STRICT_PROTOTYPES = YES;
				CLANG_WARN_SUSPICIOUS_MOVE = YES;
				CLANG_WARN_UNGUARDED_AVAILABILITY = YES_AGGRESSIVE;
				CLANG_WARN_UNREACHABLE_CODE = YES;
				CLANG_WARN__DUPLICATE_METHOD_MATCH = YES;
				COPY_PHASE_STRIP = NO;
				DEBUG_INFORMATION_FORMAT = "dwarf-with-dsym";
				ENABLE_NS_ASSERTIONS = NO;
				ENABLE_STRICT_OBJC_MSGSEND = YES;
				ENABLE_USER_SCRIPT_SANDBOXING = YES;
				GCC_C_LANGUAGE_STANDARD = gnu17;
				GCC_NO_COMMON_BLOCKS = YES;
				GCC_WARN_64_TO_32_BIT_CONVERSION = YES;
				GCC_WARN_ABOUT_RETURN_TYPE = YES_ERROR;
				GCC_WARN_UNDECLARED_SELECTOR = YES;
				GCC_WARN_UNINITIALIZED_AUTOS = YES_AGGRESSIVE;
				GCC_WARN_UNUSED_FUNCTION = YES;
				GCC_WARN_UNUSED_VARIABLE = YES;
				IPHONEOS_DEPLOYMENT_TARGET = 16.0;
				LOCALIZATION_PREFERS_STRING_CATALOGS = YES;
				MTL_ENABLE_DEBUG_INFO = NO;
				MTL_FAST_MATH = YES;
				SDKROOT = iphoneos;
				SWIFT_COMPILATION_MODE = wholemodule;
				VALIDATE_PRODUCT = YES;
			};
			name = Release;
		};
		AAB00003 /* Debug */ = {
			isa = XCBuildConfiguration;
			buildSettings = {
				ASSETCATALOG_COMPILER_APPICON_NAME = AppIcon;
				ASSETCATALOG_COMPILER_GLOBAL_ACCENT_COLOR_NAME = AccentColor;
				CODE_SIGN_STYLE = Automatic;
				CURRENT_PROJECT_VERSION = 1;
				DEVELOPMENT_TEAM = V38KUCNRLV;
				ENABLE_PREVIEWS = YES;
				GENERATE_INFOPLIST_FILE = YES;
				INFOPLIST_FILE = SystemReboot/Info.plist;
				INFOPLIST_KEY_UIApplicationSceneManifest_Generation = YES;
				INFOPLIST_KEY_UIApplicationSupportsIndirectInputEvents = YES;
				INFOPLIST_KEY_UILaunchScreen_Generation = YES;
				INFOPLIST_KEY_UISupportedInterfaceOrientations_iPad = "UIInterfaceOrientationPortrait UIInterfaceOrientationPortraitUpsideDown UIInterfaceOrientationLandscapeLeft UIInterfaceOrientationLandscapeRight";
				INFOPLIST_KEY_UISupportedInterfaceOrientations_iPhone = "UIInterfaceOrientationPortrait UIInterfaceOrientationLandscapeLeft UIInterfaceOrientationLandscapeRight";
				LD_RUNPATH_SEARCH_PATHS = (
					"$(inherited)",
					"@executable_path/Frameworks",
				);
				MARKETING_VERSION = 1.0;
				PRODUCT_BUNDLE_IDENTIFIER = com.systemreboot.app;
				PRODUCT_NAME = "$(TARGET_NAME)";
				SWIFT_EMIT_LOC_STRINGS = YES;
				SWIFT_VERSION = 5.0;
				TARGETED_DEVICE_FAMILY = "1,2";
			};
			name = Debug;
		};
		AAB00004 /* Release */ = {
			isa = XCBuildConfiguration;
			buildSettings = {
				ASSETCATALOG_COMPILER_APPICON_NAME = AppIcon;
				ASSETCATALOG_COMPILER_GLOBAL_ACCENT_COLOR_NAME = AccentColor;
				CODE_SIGN_STYLE = Automatic;
				CURRENT_PROJECT_VERSION = 1;
				DEVELOPMENT_TEAM = V38KUCNRLV;
				ENABLE_PREVIEWS = YES;
				GENERATE_INFOPLIST_FILE = YES;
				INFOPLIST_FILE = SystemReboot/Info.plist;
				INFOPLIST_KEY_UIApplicationSceneManifest_Generation = YES;
				INFOPLIST_KEY_UIApplicationSupportsIndirectInputEvents = YES;
				INFOPLIST_KEY_UILaunchScreen_Generation = YES;
				INFOPLIST_KEY_UISupportedInterfaceOrientations_iPad = "UIInterfaceOrientationPortrait UIInterfaceOrientationPortraitUpsideDown UIInterfaceOrientationLandscapeLeft UIInterfaceOrientationLandscapeRight";
				INFOPLIST_KEY_UISupportedInterfaceOrientations_iPhone = "UIInterfaceOrientationPortrait UIInterfaceOrientationLandscapeLeft UIInterfaceOrientationLandscapeRight";
				LD_RUNPATH_SEARCH_PATHS = (
					"$(inherited)",
					"@executable_path/Frameworks",
				);
				MARKETING_VERSION = 1.0;
				PRODUCT_BUNDLE_IDENTIFIER = com.systemreboot.app;
				PRODUCT_NAME = "$(TARGET_NAME)";
				SWIFT_EMIT_LOC_STRINGS = YES;
				SWIFT_VERSION = 5.0;
				TARGETED_DEVICE_FAMILY = "1,2";
			};
			name = Release;
		};
/* End XCBuildConfiguration section */

/* Begin XCConfigurationList section */
		AA600001 /* Build configuration list for PBXNativeTarget "SystemReboot" */ = {
			isa = XCConfigurationList;
			buildConfigurations = (
				AAB00003 /* Debug */,
				AAB00004 /* Release */,
			);
			defaultConfigurationIsVisible = 0;
			defaultConfigurationName = Release;
		};
		AAA00001 /* Build configuration list for PBXProject "SystemReboot" */ = {
			isa = XCConfigurationList;
			buildConfigurations = (
				AAB00001 /* Debug */,
				AAB00002 /* Release */,
			);
			defaultConfigurationIsVisible = 0;
			defaultConfigurationName = Release;
		};
/* End XCConfigurationList section */
	};
	rootObject = AA900001 /* Project object */;
}
